// !$*UTF8*$!
{
	archiveVersion = 1;
	classes = {
	};
	objectVersion = 50;
	objects = {

/* Begin PBXBuildFile section */
		04E9903621110AA700209EEA /* RegisterViewController.swift in Sources */ = {isa = PBXBuildFile; fileRef = 04E9903521110AA700209EEA /* RegisterViewController.swift */; };
		04E9903821110AEF00209EEA /* WelcomeViewController.swift in Sources */ = {isa = PBXBuildFile; fileRef = 04E9903721110AEF00209EEA /* WelcomeViewController.swift */; };
		04E9903B21110BFB00209EEA /* CustomMessageCell.swift in Sources */ = {isa = PBXBuildFile; fileRef = 04E9903A21110BFB00209EEA /* CustomMessageCell.swift */; };
		04E9903D21110C4500209EEA /* MessageCell.xib in Resources */ = {isa = PBXBuildFile; fileRef = 04E9903C21110C4500209EEA /* MessageCell.xib */; };
		04E9903F2111124400209EEA /* GoogleService-Info.plist in Resources */ = {isa = PBXBuildFile; fileRef = 04E9903E2111124400209EEA /* GoogleService-Info.plist */; };
		4B6C43E44B7698DC20148FE8 /* Pods_StudyBuddy.framework in Frameworks */ = {isa = PBXBuildFile; fileRef = AABD2A7AD273695AB9292134 /* Pods_StudyBuddy.framework */; };
		5E08D6E2210B876400D0EC7A /* ChatViewController.swift in Sources */ = {isa = PBXBuildFile; fileRef = 5E08D6E1210B876400D0EC7A /* ChatViewController.swift */; };
		5E08D6E4210B879400D0EC7A /* LogInViewController.swift in Sources */ = {isa = PBXBuildFile; fileRef = 5E08D6E3210B879400D0EC7A /* LogInViewController.swift */; };
		5E229C42210AE72F00751CCE /* AppDelegate.swift in Sources */ = {isa = PBXBuildFile; fileRef = 5E229C41210AE72F00751CCE /* AppDelegate.swift */; };
		5E229C47210AE72F00751CCE /* Main.storyboard in Resources */ = {isa = PBXBuildFile; fileRef = 5E229C45210AE72F00751CCE /* Main.storyboard */; };
		5E229C49210AE73100751CCE /* Assets.xcassets in Resources */ = {isa = PBXBuildFile; fileRef = 5E229C48210AE73100751CCE /* Assets.xcassets */; };
		5E229C4C210AE73100751CCE /* LaunchScreen.storyboard in Resources */ = {isa = PBXBuildFile; fileRef = 5E229C4A210AE73100751CCE /* LaunchScreen.storyboard */; };
		5E229C57210AE79300751CCE /* Message.swift in Sources */ = {isa = PBXBuildFile; fileRef = 5E229C56210AE79300751CCE /* Message.swift */; };
		5E229C5B210AEA0E00751CCE /* Default-568h@2x.png in Resources */ = {isa = PBXBuildFile; fileRef = 5E229C5A210AEA0E00751CCE /* Default-568h@2x.png */; };
/* End PBXBuildFile section */

/* Begin PBXFileReference section */
		04E9903521110AA700209EEA /* RegisterViewController.swift */ = {isa = PBXFileReference; lastKnownFileType = sourcecode.swift; path = RegisterViewController.swift; sourceTree = "<group>"; };
		04E9903721110AEF00209EEA /* WelcomeViewController.swift */ = {isa = PBXFileReference; lastKnownFileType = sourcecode.swift; path = WelcomeViewController.swift; sourceTree = "<group>"; };
		04E9903A21110BFB00209EEA /* CustomMessageCell.swift */ = {isa = PBXFileReference; lastKnownFileType = sourcecode.swift; path = CustomMessageCell.swift; sourceTree = "<group>"; };
		04E9903C21110C4500209EEA /* MessageCell.xib */ = {isa = PBXFileReference; lastKnownFileType = file.xib; path = MessageCell.xib; sourceTree = "<group>"; };
		04E9903E2111124400209EEA /* GoogleService-Info.plist */ = {isa = PBXFileReference; fileEncoding = 4; lastKnownFileType = text.plist.xml; path = "GoogleService-Info.plist"; sourceTree = "<group>"; };
		3E7B67251641E7DD9752EAEE /* Pods-StudyBuddy.release.xcconfig */ = {isa = PBXFileReference; includeInIndex = 1; lastKnownFileType = text.xcconfig; name = "Pods-StudyBuddy.release.xcconfig"; path = "Pods/Target Support Files/Pods-StudyBuddy/Pods-StudyBuddy.release.xcconfig"; sourceTree = "<group>"; };
		5E08D6E1210B876400D0EC7A /* ChatViewController.swift */ = {isa = PBXFileReference; lastKnownFileType = sourcecode.swift; path = ChatViewController.swift; sourceTree = "<group>"; };
		5E08D6E3210B879400D0EC7A /* LogInViewController.swift */ = {isa = PBXFileReference; lastKnownFileType = sourcecode.swift; path = LogInViewController.swift; sourceTree = "<group>"; };
		5E229C3E210AE72F00751CCE /* StudyBuddy.app */ = {isa = PBXFileReference; explicitFileType = wrapper.application; includeInIndex = 0; path = StudyBuddy.app; sourceTree = BUILT_PRODUCTS_DIR; };
		5E229C41210AE72F00751CCE /* AppDelegate.swift */ = {isa = PBXFileReference; lastKnownFileType = sourcecode.swift; path = AppDelegate.swift; sourceTree = "<group>"; };
		5E229C46210AE72F00751CCE /* Base */ = {isa = PBXFileReference; lastKnownFileType = file.storyboard; name = Base; path = Base.lproj/Main.storyboard; sourceTree = "<group>"; };
		5E229C48210AE73100751CCE /* Assets.xcassets */ = {isa = PBXFileReference; lastKnownFileType = folder.assetcatalog; path = Assets.xcassets; sourceTree = "<group>"; };
		5E229C4B210AE73100751CCE /* Base */ = {isa = PBXFileReference; lastKnownFileType = file.storyboard; name = Base; path = Base.lproj/LaunchScreen.storyboard; sourceTree = "<group>"; };
		5E229C4D210AE73100751CCE /* Info.plist */ = {isa = PBXFileReference; lastKnownFileType = text.plist.xml; path = Info.plist; sourceTree = "<group>"; };
		5E229C56210AE79300751CCE /* Message.swift */ = {isa = PBXFileReference; lastKnownFileType = sourcecode.swift; path = Message.swift; sourceTree = "<group>"; };
		5E229C5A210AEA0E00751CCE /* Default-568h@2x.png */ = {isa = PBXFileReference; lastKnownFileType = image.png; path = "Default-568h@2x.png"; sourceTree = "<group>"; };
		AABD2A7AD273695AB9292134 /* Pods_StudyBuddy.framework */ = {isa = PBXFileReference; explicitFileType = wrapper.framework; includeInIndex = 0; path = Pods_StudyBuddy.framework; sourceTree = BUILT_PRODUCTS_DIR; };
		CE54F4C5522FE0397A6876A3 /* Pods-StudyBuddy.debug.xcconfig */ = {isa = PBXFileReference; includeInIndex = 1; lastKnownFileType = text.xcconfig; name = "Pods-StudyBuddy.debug.xcconfig"; path = "Pods/Target Support Files/Pods-StudyBuddy/Pods-StudyBuddy.debug.xcconfig"; sourceTree = "<group>"; };
/* End PBXFileReference section */

/* Begin PBXFrameworksBuildPhase section */
		5E229C3B210AE72F00751CCE /* Frameworks */ = {
			isa = PBXFrameworksBuildPhase;
			buildActionMask = 2147483647;
			files = (
				4B6C43E44B7698DC20148FE8 /* Pods_StudyBuddy.framework in Frameworks */,
			);
			runOnlyForDeploymentPostprocessing = 0;
		};
/* End PBXFrameworksBuildPhase section */

/* Begin PBXGroup section */
		04E9903921110BDC00209EEA /* Custom Cell */ = {
			isa = PBXGroup;
			children = (
				04E9903A21110BFB00209EEA /* CustomMessageCell.swift */,
				04E9903C21110C4500209EEA /* MessageCell.xib */,
			);
			name = "Custom Cell";
			sourceTree = "<group>";
		};
		5E08D6DC210AEAF000D0EC7A /* View */ = {
			isa = PBXGroup;
			children = (
				5E229C45210AE72F00751CCE /* Main.storyboard */,
				5E229C4A210AE73100751CCE /* LaunchScreen.storyboard */,
				04E9903921110BDC00209EEA /* Custom Cell */,
			);
			name = View;
			sourceTree = "<group>";
		};
		5E08D6DF210AEB0800D0EC7A /* Controller */ = {
			isa = PBXGroup;
			children = (
				5E229C41210AE72F00751CCE /* AppDelegate.swift */,
				5E08D6E1210B876400D0EC7A /* ChatViewController.swift */,
				5E08D6E3210B879400D0EC7A /* LogInViewController.swift */,
				04E9903521110AA700209EEA /* RegisterViewController.swift */,
				04E9903721110AEF00209EEA /* WelcomeViewController.swift */,
			);
			name = Controller;
			sourceTree = "<group>";
		};
		5E08D6E0210AEB1700D0EC7A /* Model */ = {
			isa = PBXGroup;
			children = (
				5E229C56210AE79300751CCE /* Message.swift */,
			);
			name = Model;
			sourceTree = "<group>";
		};
		5E229C35210AE72E00751CCE = {
			isa = PBXGroup;
			children = (
				5E229C5A210AEA0E00751CCE /* Default-568h@2x.png */,
				5E229C40210AE72F00751CCE /* StudyBuddy */,
				5E229C3F210AE72F00751CCE /* Products */,
				9EB00567C571CF0BF886622A /* Pods */,
				FDBB249CBD0604E464BD4A01 /* Frameworks */,
			);
			sourceTree = "<group>";
		};
		5E229C3F210AE72F00751CCE /* Products */ = {
			isa = PBXGroup;
			children = (
				5E229C3E210AE72F00751CCE /* StudyBuddy.app */,
			);
			name = Products;
			sourceTree = "<group>";
		};
		5E229C40210AE72F00751CCE /* StudyBuddy */ = {
			isa = PBXGroup;
			children = (
				5E08D6E0210AEB1700D0EC7A /* Model */,
				5E08D6DF210AEB0800D0EC7A /* Controller */,
				5E08D6DC210AEAF000D0EC7A /* View */,
				5E229C5C210AEA6300751CCE /* Supporting Files */,
				5E229C48210AE73100751CCE /* Assets.xcassets */,
			);
			path = StudyBuddy;
			sourceTree = "<group>";
		};
		5E229C5C210AEA6300751CCE /* Supporting Files */ = {
			isa = PBXGroup;
			children = (
				04E9903E2111124400209EEA /* GoogleService-Info.plist */,
				5E229C4D210AE73100751CCE /* Info.plist */,
			);
			name = "Supporting Files";
			sourceTree = "<group>";
		};
		9EB00567C571CF0BF886622A /* Pods */ = {
			isa = PBXGroup;
			children = (
				CE54F4C5522FE0397A6876A3 /* Pods-StudyBuddy.debug.xcconfig */,
				3E7B67251641E7DD9752EAEE /* Pods-StudyBuddy.release.xcconfig */,
			);
			name = Pods;
			sourceTree = "<group>";
		};
		FDBB249CBD0604E464BD4A01 /* Frameworks */ = {
			isa = PBXGroup;
			children = (
				AABD2A7AD273695AB9292134 /* Pods_StudyBuddy.framework */,
			);
			name = Frameworks;
			sourceTree = "<group>";
		};
/* End PBXGroup section */

/* Begin PBXNativeTarget section */
		5E229C3D210AE72F00751CCE /* StudyBuddy */ = {
			isa = PBXNativeTarget;
			buildConfigurationList = 5E229C50210AE73100751CCE /* Build configuration list for PBXNativeTarget "StudyBuddy" */;
			buildPhases = (
				28E4398CB4EA628C50EAEAA3 /* [CP] Check Pods Manifest.lock */,
				5E229C3A210AE72E00751CCE /* Sources */,
				5E229C3B210AE72F00751CCE /* Frameworks */,
				5E229C3C210AE72F00751CCE /* Resources */,
				75CDC908F0F1775376F233F7 /* [CP] Embed Pods Frameworks */,
			);
			buildRules = (
			);
			dependencies = (
			);
			name = StudyBuddy;
			productName = StudyBuddy;
			productReference = 5E229C3E210AE72F00751CCE /* StudyBuddy.app */;
			productType = "com.apple.product-type.application";
		};
/* End PBXNativeTarget section */

/* Begin PBXProject section */
		5E229C36210AE72E00751CCE /* Project object */ = {
			isa = PBXProject;
			attributes = {
				LastSwiftUpdateCheck = 0940;
				LastUpgradeCheck = 0940;
				ORGANIZATIONNAME = "Jack D. Douglas";
				TargetAttributes = {
					5E229C3D210AE72F00751CCE = {
						CreatedOnToolsVersion = 9.4.1;
					};
				};
			};
			buildConfigurationList = 5E229C39210AE72E00751CCE /* Build configuration list for PBXProject "StudyBuddy" */;
			compatibilityVersion = "Xcode 9.3";
			developmentRegion = en;
			hasScannedForEncodings = 0;
			knownRegions = (
				en,
				Base,
			);
			mainGroup = 5E229C35210AE72E00751CCE;
			productRefGroup = 5E229C3F210AE72F00751CCE /* Products */;
			projectDirPath = "";
			projectRoot = "";
			targets = (
				5E229C3D210AE72F00751CCE /* StudyBuddy */,
			);
		};
/* End PBXProject section */

/* Begin PBXResourcesBuildPhase section */
		5E229C3C210AE72F00751CCE /* Resources */ = {
			isa = PBXResourcesBuildPhase;
			buildActionMask = 2147483647;
			files = (
				04E9903D21110C4500209EEA /* MessageCell.xib in Resources */,
				5E229C4C210AE73100751CCE /* LaunchScreen.storyboard in Resources */,
				5E229C5B210AEA0E00751CCE /* Default-568h@2x.png in Resources */,
				5E229C49210AE73100751CCE /* Assets.xcassets in Resources */,
				5E229C47210AE72F00751CCE /* Main.storyboard in Resources */,
				04E9903F2111124400209EEA /* GoogleService-Info.plist in Resources */,
			);
			runOnlyForDeploymentPostprocessing = 0;
		};
/* End PBXResourcesBuildPhase section */

/* Begin PBXShellScriptBuildPhase section */
		28E4398CB4EA628C50EAEAA3 /* [CP] Check Pods Manifest.lock */ = {
			isa = PBXShellScriptBuildPhase;
			buildActionMask = 2147483647;
			files = (
			);
			inputPaths = (
				"${PODS_PODFILE_DIR_PATH}/Podfile.lock",
				"${PODS_ROOT}/Manifest.lock",
			);
			name = "[CP] Check Pods Manifest.lock";
			outputPaths = (
				"$(DERIVED_FILE_DIR)/Pods-StudyBuddy-checkManifestLockResult.txt",
			);
			runOnlyForDeploymentPostprocessing = 0;
			shellPath = /bin/sh;
			shellScript = "diff \"${PODS_PODFILE_DIR_PATH}/Podfile.lock\" \"${PODS_ROOT}/Manifest.lock\" > /dev/null\nif [ $? != 0 ] ; then\n    # print error to STDERR\n    echo \"error: The sandbox is not in sync with the Podfile.lock. Run 'pod install' or update your CocoaPods installation.\" >&2\n    exit 1\nfi\n# This output is used by Xcode 'outputs' to avoid re-running this script phase.\necho \"SUCCESS\" > \"${SCRIPT_OUTPUT_FILE_0}\"\n";
			showEnvVarsInLog = 0;
		};
		75CDC908F0F1775376F233F7 /* [CP] Embed Pods Frameworks */ = {
			isa = PBXShellScriptBuildPhase;
			buildActionMask = 2147483647;
			files = (
			);
			inputPaths = (
				"${SRCROOT}/Pods/Target Support Files/Pods-StudyBuddy/Pods-StudyBuddy-frameworks.sh",
				"${BUILT_PRODUCTS_DIR}/ChameleonFramework/ChameleonFramework.framework",
				"${BUILT_PRODUCTS_DIR}/GTMSessionFetcher/GTMSessionFetcher.framework",
				"${BUILT_PRODUCTS_DIR}/GoogleToolboxForMac/GoogleToolboxForMac.framework",
				"${BUILT_PRODUCTS_DIR}/SVProgressHUD/SVProgressHUD.framework",
				"${BUILT_PRODUCTS_DIR}/leveldb-library/leveldb.framework",
				"${BUILT_PRODUCTS_DIR}/nanopb/nanopb.framework",
			);
			name = "[CP] Embed Pods Frameworks";
			outputPaths = (
				"${TARGET_BUILD_DIR}/${FRAMEWORKS_FOLDER_PATH}/ChameleonFramework.framework",
				"${TARGET_BUILD_DIR}/${FRAMEWORKS_FOLDER_PATH}/GTMSessionFetcher.framework",
				"${TARGET_BUILD_DIR}/${FRAMEWORKS_FOLDER_PATH}/GoogleToolboxForMac.framework",
				"${TARGET_BUILD_DIR}/${FRAMEWORKS_FOLDER_PATH}/SVProgressHUD.framework",
				"${TARGET_BUILD_DIR}/${FRAMEWORKS_FOLDER_PATH}/leveldb.framework",
				"${TARGET_BUILD_DIR}/${FRAMEWORKS_FOLDER_PATH}/nanopb.framework",
			);
			runOnlyForDeploymentPostprocessing = 0;
			shellPath = /bin/sh;
			shellScript = "\"${SRCROOT}/Pods/Target Support Files/Pods-StudyBuddy/Pods-StudyBuddy-frameworks.sh\"\n";
			showEnvVarsInLog = 0;
		};
/* End PBXShellScriptBuildPhase section */

/* Begin PBXSourcesBuildPhase section */
		5E229C3A210AE72E00751CCE /* Sources */ = {
			isa = PBXSourcesBuildPhase;
			buildActionMask = 2147483647;
			files = (
				04E9903B21110BFB00209EEA /* CustomMessageCell.swift in Sources */,
				5E229C57210AE79300751CCE /* Message.swift in Sources */,
				04E9903621110AA700209EEA /* RegisterViewController.swift in Sources */,
				5E08D6E2210B876400D0EC7A /* ChatViewController.swift in Sources */,
				04E9903821110AEF00209EEA /* WelcomeViewController.swift in Sources */,
				5E08D6E4210B879400D0EC7A /* LogInViewController.swift in Sources */,
				5E229C42210AE72F00751CCE /* AppDelegate.swift in Sources */,
			);
			runOnlyForDeploymentPostprocessing = 0;
		};
/* End PBXSourcesBuildPhase section */

/* Begin PBXVariantGroup section */
		5E229C45210AE72F00751CCE /* Main.storyboard */ = {
			isa = PBXVariantGroup;
			children = (
				5E229C46210AE72F00751CCE /* Base */,
			);
			name = Main.storyboard;
			sourceTree = "<group>";
		};
		5E229C4A210AE73100751CCE /* LaunchScreen.storyboard */ = {
			isa = PBXVariantGroup;
			children = (
				5E229C4B210AE73100751CCE /* Base */,
			);
			name = LaunchScreen.storyboard;
			sourceTree = "<group>";
		};
/* End PBXVariantGroup section */

/* Begin XCBuildConfiguration section */
		5E229C4E210AE73100751CCE /* Debug */ = {
			isa = XCBuildConfiguration;
			buildSettings = {
				ALWAYS_SEARCH_USER_PATHS = NO;
				CLANG_ANALYZER_NONNULL = YES;
				CLANG_ANALYZER_NUMBER_OBJECT_CONVERSION = YES_AGGRESSIVE;
				CLANG_CXX_LANGUAGE_STANDARD = "gnu++14";
				CLANG_CXX_LIBRARY = "libc++";
				CLANG_ENABLE_MODULES = YES;
				CLANG_ENABLE_OBJC_ARC = YES;
				CLANG_ENABLE_OBJC_WEAK = YES;
				CLANG_WARN_BLOCK_CAPTURE_AUTORELEASING = YES;
				CLANG_WARN_BOOL_CONVERSION = YES;
				CLANG_WARN_COMMA = YES;
				CLANG_WARN_CONSTANT_CONVERSION = YES;
				CLANG_WARN_DEPRECATED_OBJC_IMPLEMENTATIONS = YES;
				CLANG_WARN_DIRECT_OBJC_ISA_USAGE = YES_ERROR;
				CLANG_WARN_DOCUMENTATION_COMMENTS = YES;
				CLANG_WARN_EMPTY_BODY = YES;
				CLANG_WARN_ENUM_CONVERSION = YES;
				CLANG_WARN_INFINITE_RECURSION = YES;
				CLANG_WARN_INT_CONVERSION = YES;
				CLANG_WARN_NON_LITERAL_NULL_CONVERSION = YES;
				CLANG_WARN_OBJC_IMPLICIT_RETAIN_SELF = YES;
				CLANG_WARN_OBJC_LITERAL_CONVERSION = YES;
				CLANG_WARN_OBJC_ROOT_CLASS = YES_ERROR;
				CLANG_WARN_RANGE_LOOP_ANALYSIS = YES;
				CLANG_WARN_STRICT_PROTOTYPES = YES;
				CLANG_WARN_SUSPICIOUS_MOVE = YES;
				CLANG_WARN_UNGUARDED_AVAILABILITY = YES_AGGRESSIVE;
				CLANG_WARN_UNREACHABLE_CODE = YES;
				CLANG_WARN__DUPLICATE_METHOD_MATCH = YES;
				CODE_SIGN_IDENTITY = "iPhone Developer";
				COPY_PHASE_STRIP = NO;
				DEBUG_INFORMATION_FORMAT = dwarf;
				ENABLE_STRICT_OBJC_MSGSEND = YES;
				ENABLE_TESTABILITY = YES;
				GCC_C_LANGUAGE_STANDARD = gnu11;
				GCC_DYNAMIC_NO_PIC = NO;
				GCC_NO_COMMON_BLOCKS = YES;
				GCC_OPTIMIZATION_LEVEL = 0;
				GCC_PREPROCESSOR_DEFINITIONS = (
					"DEBUG=1",
					"$(inherited)",
				);
				GCC_WARN_64_TO_32_BIT_CONVERSION = YES;
				GCC_WARN_ABOUT_RETURN_TYPE = YES_ERROR;
				GCC_WARN_UNDECLARED_SELECTOR = YES;
				GCC_WARN_UNINITIALIZED_AUTOS = YES_AGGRESSIVE;
				GCC_WARN_UNUSED_FUNCTION = YES;
				GCC_WARN_UNUSED_VARIABLE = YES;
				IPHONEOS_DEPLOYMENT_TARGET = 11.4;
				MTL_ENABLE_DEBUG_INFO = YES;
				ONLY_ACTIVE_ARCH = YES;
				SDKROOT = iphoneos;
				SWIFT_ACTIVE_COMPILATION_CONDITIONS = DEBUG;
				SWIFT_OPTIMIZATION_LEVEL = "-Onone";
			};
			name = Debug;
		};
		5E229C4F210AE73100751CCE /* Release */ = {
			isa = XCBuildConfiguration;
			buildSettings = {
				ALWAYS_SEARCH_USER_PATHS = NO;
				CLANG_ANALYZER_NONNULL = YES;
				CLANG_ANALYZER_NUMBER_OBJECT_CONVERSION = YES_AGGRESSIVE;
				CLANG_CXX_LANGUAGE_STANDARD = "gnu++14";
				CLANG_CXX_LIBRARY = "libc++";
				CLANG_ENABLE_MODULES = YES;
				CLANG_ENABLE_OBJC_ARC = YES;
				CLANG_ENABLE_OBJC_WEAK = YES;
				CLANG_WARN_BLOCK_CAPTURE_AUTORELEASING = YES;
				CLANG_WARN_BOOL_CONVERSION = YES;
				CLANG_WARN_COMMA = YES;
				CLANG_WARN_CONSTANT_CONVERSION = YES;
				CLANG_WARN_DEPRECATED_OBJC_IMPLEMENTATIONS = YES;
				CLANG_WARN_DIRECT_OBJC_ISA_USAGE = YES_ERROR;
				CLANG_WARN_DOCUMENTATION_COMMENTS = YES;
				CLANG_WARN_EMPTY_BODY = YES;
				CLANG_WARN_ENUM_CONVERSION = YES;
				CLANG_WARN_INFINITE_RECURSION = YES;
				CLANG_WARN_INT_CONVERSION = YES;
				CLANG_WARN_NON_LITERAL_NULL_CONVERSION = YES;
				CLANG_WARN_OBJC_IMPLICIT_RETAIN_SELF = YES;
				CLANG_WARN_OBJC_LITERAL_CONVERSION = YES;
				CLANG_WARN_OBJC_ROOT_CLASS = YES_ERROR;
				CLANG_WARN_RANGE_LOOP_ANALYSIS = YES;
				CLANG_WARN_STRICT_PROTOTYPES = YES;
				CLANG_WARN_SUSPICIOUS_MOVE = YES;
				CLANG_WARN_UNGUARDED_AVAILABILITY = YES_AGGRESSIVE;
				CLANG_WARN_UNREACHABLE_CODE = YES;
				CLANG_WARN__DUPLICATE_METHOD_MATCH = YES;
				CODE_SIGN_IDENTITY = "iPhone Developer";
				COPY_PHASE_STRIP = NO;
				DEBUG_INFORMATION_FORMAT = "dwarf-with-dsym";
				ENABLE_NS_ASSERTIONS = NO;
				ENABLE_STRICT_OBJC_MSGSEND = YES;
				GCC_C_LANGUAGE_STANDARD = gnu11;
				GCC_NO_COMMON_BLOCKS = YES;
				GCC_WARN_64_TO_32_BIT_CONVERSION = YES;
				GCC_WARN_ABOUT_RETURN_TYPE = YES_ERROR;
				GCC_WARN_UNDECLARED_SELECTOR = YES;
				GCC_WARN_UNINITIALIZED_AUTOS = YES_AGGRESSIVE;
				GCC_WARN_UNUSED_FUNCTION = YES;
				GCC_WARN_UNUSED_VARIABLE = YES;
				IPHONEOS_DEPLOYMENT_TARGET = 11.4;
				MTL_ENABLE_DEBUG_INFO = NO;
				SDKROOT = iphoneos;
				SWIFT_COMPILATION_MODE = wholemodule;
				SWIFT_OPTIMIZATION_LEVEL = "-O";
				VALIDATE_PRODUCT = YES;
			};
			name = Release;
		};
		5E229C51210AE73100751CCE /* Debug */ = {
			isa = XCBuildConfiguration;
			baseConfigurationReference = CE54F4C5522FE0397A6876A3 /* Pods-StudyBuddy.debug.xcconfig */;
			buildSettings = {
				ASSETCATALOG_COMPILER_APPICON_NAME = AppIcon;
				CODE_SIGN_STYLE = Automatic;
				DEVELOPMENT_TEAM = DWH8P2FT4J;
				INFOPLIST_FILE = StudyBuddy/Info.plist;
				LD_RUNPATH_SEARCH_PATHS = (
					"$(inherited)",
					"@executable_path/Frameworks",
				);
				PRODUCT_BUNDLE_IDENTIFIER = us.jackdouglas.StudyBuddy;
				PRODUCT_NAME = "$(TARGET_NAME)";
				SWIFT_VERSION = 4.0;
				TARGETED_DEVICE_FAMILY = 1;
			};
			name = Debug;
		};
		5E229C52210AE73100751CCE /* Release */ = {
			isa = XCBuildConfiguration;
			baseConfigurationReference = 3E7B67251641E7DD9752EAEE /* Pods-StudyBuddy.release.xcconfig */;
			buildSettings = {
				ASSETCATALOG_COMPILER_APPICON_NAME = AppIcon;
				CODE_SIGN_STYLE = Automatic;
				DEVELOPMENT_TEAM = DWH8P2FT4J;
				INFOPLIST_FILE = StudyBuddy/Info.plist;
				LD_RUNPATH_SEARCH_PATHS = (
					"$(inherited)",
					"@executable_path/Frameworks",
				);
				PRODUCT_BUNDLE_IDENTIFIER = us.jackdouglas.StudyBuddy;
				PRODUCT_NAME = "$(TARGET_NAME)";
				SWIFT_VERSION = 4.0;
				TARGETED_DEVICE_FAMILY = 1;
			};
			name = Release;
		};
/* End XCBuildConfiguration section */

/* Begin XCConfigurationList section */
		5E229C39210AE72E00751CCE /* Build configuration list for PBXProject "StudyBuddy" */ = {
			isa = XCConfigurationList;
			buildConfigurations = (
				5E229C4E210AE73100751CCE /* Debug */,
				5E229C4F210AE73100751CCE /* Release */,
			);
			defaultConfigurationIsVisible = 0;
			defaultConfigurationName = Release;
		};
		5E229C50210AE73100751CCE /* Build configuration list for PBXNativeTarget "StudyBuddy" */ = {
			isa = XCConfigurationList;
			buildConfigurations = (
				5E229C51210AE73100751CCE /* Debug */,
				5E229C52210AE73100751CCE /* Release */,
			);
			defaultConfigurationIsVisible = 0;
			defaultConfigurationName = Release;
		};
/* End XCConfigurationList section */
	};
	rootObject = 5E229C36210AE72E00751CCE /* Project object */;
}
